{
  "name": "3deditor",
  "version": "0.0.1",
  "lockfileVersion": 1,
  "requires": true,
  "dependencies": {
    "@types/stats.js": {
      "version": "0.17.0",
      "resolved": "https://registry.npmjs.org/@types/stats.js/-/stats.js-0.17.0.tgz",
      "integrity": "sha512-9w+a7bR8PeB0dCT/HBULU2fMqf6BAzvKbxFboYhmDtDkKPiyXYbjoe2auwsXlEFI7CFNMF1dCv3dFH5Poy9R1w==",
      "dev": true
    },
    "@types/three": {
      "version": "0.103.2",
      "resolved": "https://registry.npmjs.org/@types/three/-/three-0.103.2.tgz",
      "integrity": "sha512-zhtf0Qs5wLJpIn1+VWCpzSgpKayj/GSWZ6woiuz09FW59KEDeLpnBkYz6lbblVpRmGdlnG8nd0unaASshOvcXw==",
      "dev": true,
      "requires": {
        "three": "*"
      }
    },
    "has-webgl": {
      "version": "0.0.1",
      "resolved": "https://registry.npmjs.org/has-webgl/-/has-webgl-0.0.1.tgz",
      "integrity": "sha1-KVJcEWq38cekgbSFUTOCLDgRVwE="
    },
    "stats.js": {
      "version": "0.17.0",
      "resolved": "https://registry.npmjs.org/stats.js/-/stats.js-0.17.0.tgz",
      "integrity": "sha1-scPcRtlEmLV4t/05hbgaznExzH0="
    },
    "three": {
      "version": "0.103.0",
      "resolved": "https://registry.npmjs.org/three/-/three-0.103.0.tgz",
      "integrity": "sha512-4WKRHTMt96sp+lX+Hx/eHtN9CWFyejDqr1ikgxZUJIkKEHVglSE7FY8n81NC6yWXqVSjUIQQppaxsoUe26Zi9g=="
    },
    "three-orbitcontrols": {
      "version": "2.102.1",
      "resolved": "https://registry.npmjs.org/three-orbitcontrols/-/three-orbitcontrols-2.102.1.tgz",
      "integrity": "sha512-mp5qc5mooCtjgSloMFzIEI2VQVkvBDWDMYtbxY3TFB/BCCYpR6NV7/dD5+EUyzR90/a9H356s9QR+2PhH48f6w=="
    }
  }
}
